
Microsoft Visual Studio Solution File, Format Version 12.00
# Visual Studio Version 17
VisualStudioVersion = 17.2.32526.322
MinimumVisualStudioVersion = 10.0.40219.1
Project("{FAE04EC0-301F-11D3-BF4B-00C04F79EFBC}") = "Redkik", "Redkik\Redkik.csproj", "{79C1422C-8591-4756-BDB1-F91F12FFA907}"
EndProject
Project("{FAE04EC0-301F-11D3-BF4B-00C04F79EFBC}") = "RedkikTest", "RedkikTest\RedkikTest.csproj", "{7E336968-01E0-4FAB-B7B7-4FE1B6F967C8}"
EndProject
Global
	GlobalSection(SolutionConfigurationPlatforms) = preSolution
		Debug|Any CPU = Debug|Any CPU
		Release|Any CPU = Release|Any CPU
	EndGlobalSection
	GlobalSection(ProjectConfigurationPlatforms) = postSolution
		{79C1422C-8591-4756-BDB1-F91F12FFA907}.Debug|Any CPU.ActiveCfg = Debug|Any CPU
		{79C1422C-8591-4756-BDB1-F91F12FFA907}.Debug|Any CPU.Build.0 = Debug|Any CPU
		{79C1422C-8591-4756-BDB1-F91F12FFA907}.Release|Any CPU.ActiveCfg = Release|Any CPU
		{79C1422C-8591-4756-BDB1-F91F12FFA907}.Release|Any CPU.Build.0 = Release|Any CPU
		{7E336968-01E0-4FAB-B7B7-4FE1B6F967C8}.Debug|Any CPU.ActiveCfg = Debug|Any CPU
		{7E336968-01E0-4FAB-B7B7-4FE1B6F967C8}.Debug|Any CPU.Build.0 = Debug|Any CPU
		{7E336968-01E0-4FAB-B7B7-4FE1B6F967C8}.Release|Any CPU.ActiveCfg = Release|Any CPU
		{7E336968-01E0-4FAB-B7B7-4FE1B6F967C8}.Release|Any CPU.Build.0 = Release|Any CPU
	EndGlobalSection
	GlobalSection(SolutionProperties) = preSolution
		HideSolutionNode = FALSE
	EndGlobalSection
	GlobalSection(ExtensibilityGlobals) = postSolution
		SolutionGuid = {12692F30-BB9C-45C5-B5F9-3BEA29355626}
	EndGlobalSection
EndGlobal
